
Microsoft Visual Studio Solution File, Format Version 12.00
# Visual Studio 2013
VisualStudioVersion = 12.0.21005.1
MinimumVisualStudioVersion = 10.0.40219.1
Project("{2150E333-8FDC-42A3-9474-1A3956D46DE8}") = "Solution Items", "Solution Items", "{D9CDFA59-BA8E-44C5-96A6-9AF8531FCEC5}"
	ProjectSection(SolutionItems) = preProject
		README.md = README.md
		Reference.txt = Reference.txt
		TODO.txt = TODO.txt
	EndProjectSection
EndProject
Project("{FAE04EC0-301F-11D3-BF4B-00C04F79EFBC}") = "SeleneCore", "SeleneCore\SeleneCore.csproj", "{831F1FDF-4298-4D1F-9C2A-EC1142DC760F}"
EndProject
Project("{FAE04EC0-301F-11D3-BF4B-00C04F79EFBC}") = "SeleneDebugger", "SeleneDebugger\SeleneDebugger.csproj", "{906CBB5D-7925-4AC4-AA7D-BE6C60F7A7D6}"
EndProject
Project("{FAE04EC0-301F-11D3-BF4B-00C04F79EFBC}") = "SeleneKSP", "SeleneKSP\SeleneKSP.csproj", "{43989EEF-9CCC-4F6C-B019-65374AA0B73B}"
EndProject
Global
	GlobalSection(SolutionConfigurationPlatforms) = preSolution
		Debug|Any CPU = Debug|Any CPU
		Release|Any CPU = Release|Any CPU
	EndGlobalSection
	GlobalSection(ProjectConfigurationPlatforms) = postSolution
		{831F1FDF-4298-4D1F-9C2A-EC1142DC760F}.Debug|Any CPU.ActiveCfg = Debug|Any CPU
		{831F1FDF-4298-4D1F-9C2A-EC1142DC760F}.Debug|Any CPU.Build.0 = Debug|Any CPU
		{831F1FDF-4298-4D1F-9C2A-EC1142DC760F}.Release|Any CPU.ActiveCfg = Release|Any CPU
		{831F1FDF-4298-4D1F-9C2A-EC1142DC760F}.Release|Any CPU.Build.0 = Release|Any CPU
		{906CBB5D-7925-4AC4-AA7D-BE6C60F7A7D6}.Debug|Any CPU.ActiveCfg = Debug|Any CPU
		{906CBB5D-7925-4AC4-AA7D-BE6C60F7A7D6}.Debug|Any CPU.Build.0 = Debug|Any CPU
		{906CBB5D-7925-4AC4-AA7D-BE6C60F7A7D6}.Release|Any CPU.ActiveCfg = Release|Any CPU
		{906CBB5D-7925-4AC4-AA7D-BE6C60F7A7D6}.Release|Any CPU.Build.0 = Release|Any CPU
		{43989EEF-9CCC-4F6C-B019-65374AA0B73B}.Debug|Any CPU.ActiveCfg = Debug|Any CPU
		{43989EEF-9CCC-4F6C-B019-65374AA0B73B}.Debug|Any CPU.Build.0 = Debug|Any CPU
		{43989EEF-9CCC-4F6C-B019-65374AA0B73B}.Release|Any CPU.ActiveCfg = Release|Any CPU
		{43989EEF-9CCC-4F6C-B019-65374AA0B73B}.Release|Any CPU.Build.0 = Release|Any CPU
	EndGlobalSection
	GlobalSection(SolutionProperties) = preSolution
		HideSolutionNode = FALSE
	EndGlobalSection
EndGlobal
